
Microsoft Visual Studio Solution File, Format Version 12.00
# Visual Studio Version 17
VisualStudioVersion = 17.0.31903.59
MinimumVisualStudioVersion = 10.0.40219.1
Project("{2150E333-8FDC-42A3-9474-1A3956D46DE8}") = "src", "src", "{DCFB1F4A-C602-4DFF-892C-0BB21D5891C7}"
EndProject
Project("{FAE04EC0-301F-11D3-BF4B-00C04F79EFBC}") = "New.Dotnet.Api", "src\New.Dotnet.Api\New.Dotnet.Api.csproj", "{A121742A-8C7E-4271-9D2E-958349F44B6E}"
EndProject
Project("{2150E333-8FDC-42A3-9474-1A3956D46DE8}") = "test", "test", "{D5EA71E9-2CD9-4CE0-A01A-832F4F642C69}"
EndProject
Project("{FAE04EC0-301F-11D3-BF4B-00C04F79EFBC}") = "New.Dotnet.Services", "src\New.Dotnet.Services\New.Dotnet.Services.csproj", "{A5BF3C31-4083-468F-B178-483A52A518E7}"
EndProject
Project("{FAE04EC0-301F-11D3-BF4B-00C04F79EFBC}") = "New.Dotnet.Messaging", "src\New.Dotnet.Messaging\New.Dotnet.Messaging.csproj", "{13A11882-01A0-4AA3-A635-64B5D2B2A654}"
EndProject
Project("{FAE04EC0-301F-11D3-BF4B-00C04F79EFBC}") = "New.Dotnet.Persistence", "src\New.Dotnet.Persistence\New.Dotnet.Persistence.csproj", "{2B031704-6834-470E-BEEF-B9BF0AD84422}"
EndProject
Project("{FAE04EC0-301F-11D3-BF4B-00C04F79EFBC}") = "New.Dotnet.Contracts", "src\New.Dotnet.Contracts\New.Dotnet.Contracts.csproj", "{BF7CCC42-7872-462C-99C2-674732BE928D}"
EndProject
Project("{FAE04EC0-301F-11D3-BF4B-00C04F79EFBC}") = "New.Dotnet.Cli", "src\New.Dotnet.Cli\New.Dotnet.Cli.csproj", "{782DCF2C-5E0D-476C-A350-5F190BE53D2F}"
EndProject
Global
	GlobalSection(SolutionConfigurationPlatforms) = preSolution
		Debug|Any CPU = Debug|Any CPU
		Release|Any CPU = Release|Any CPU
	EndGlobalSection
	GlobalSection(SolutionProperties) = preSolution
		HideSolutionNode = FALSE
	EndGlobalSection
	GlobalSection(ProjectConfigurationPlatforms) = postSolution
		{A121742A-8C7E-4271-9D2E-958349F44B6E}.Debug|Any CPU.ActiveCfg = Debug|Any CPU
		{A121742A-8C7E-4271-9D2E-958349F44B6E}.Debug|Any CPU.Build.0 = Debug|Any CPU
		{A121742A-8C7E-4271-9D2E-958349F44B6E}.Release|Any CPU.ActiveCfg = Release|Any CPU
		{A121742A-8C7E-4271-9D2E-958349F44B6E}.Release|Any CPU.Build.0 = Release|Any CPU
		{A5BF3C31-4083-468F-B178-483A52A518E7}.Debug|Any CPU.ActiveCfg = Debug|Any CPU
		{A5BF3C31-4083-468F-B178-483A52A518E7}.Debug|Any CPU.Build.0 = Debug|Any CPU
		{A5BF3C31-4083-468F-B178-483A52A518E7}.Release|Any CPU.ActiveCfg = Release|Any CPU
		{A5BF3C31-4083-468F-B178-483A52A518E7}.Release|Any CPU.Build.0 = Release|Any CPU
		{13A11882-01A0-4AA3-A635-64B5D2B2A654}.Debug|Any CPU.ActiveCfg = Debug|Any CPU
		{13A11882-01A0-4AA3-A635-64B5D2B2A654}.Debug|Any CPU.Build.0 = Debug|Any CPU
		{13A11882-01A0-4AA3-A635-64B5D2B2A654}.Release|Any CPU.ActiveCfg = Release|Any CPU
		{13A11882-01A0-4AA3-A635-64B5D2B2A654}.Release|Any CPU.Build.0 = Release|Any CPU
		{2B031704-6834-470E-BEEF-B9BF0AD84422}.Debug|Any CPU.ActiveCfg = Debug|Any CPU
		{2B031704-6834-470E-BEEF-B9BF0AD84422}.Debug|Any CPU.Build.0 = Debug|Any CPU
		{2B031704-6834-470E-BEEF-B9BF0AD84422}.Release|Any CPU.ActiveCfg = Release|Any CPU
		{2B031704-6834-470E-BEEF-B9BF0AD84422}.Release|Any CPU.Build.0 = Release|Any CPU
		{BF7CCC42-7872-462C-99C2-674732BE928D}.Debug|Any CPU.ActiveCfg = Debug|Any CPU
		{BF7CCC42-7872-462C-99C2-674732BE928D}.Debug|Any CPU.Build.0 = Debug|Any CPU
		{BF7CCC42-7872-462C-99C2-674732BE928D}.Release|Any CPU.ActiveCfg = Release|Any CPU
		{BF7CCC42-7872-462C-99C2-674732BE928D}.Release|Any CPU.Build.0 = Release|Any CPU
		{782DCF2C-5E0D-476C-A350-5F190BE53D2F}.Debug|Any CPU.ActiveCfg = Debug|Any CPU
		{782DCF2C-5E0D-476C-A350-5F190BE53D2F}.Debug|Any CPU.Build.0 = Debug|Any CPU
		{782DCF2C-5E0D-476C-A350-5F190BE53D2F}.Release|Any CPU.ActiveCfg = Release|Any CPU
		{782DCF2C-5E0D-476C-A350-5F190BE53D2F}.Release|Any CPU.Build.0 = Release|Any CPU
	EndGlobalSection
	GlobalSection(NestedProjects) = preSolution
		{A121742A-8C7E-4271-9D2E-958349F44B6E} = {DCFB1F4A-C602-4DFF-892C-0BB21D5891C7}
		{A5BF3C31-4083-468F-B178-483A52A518E7} = {DCFB1F4A-C602-4DFF-892C-0BB21D5891C7}
		{13A11882-01A0-4AA3-A635-64B5D2B2A654} = {DCFB1F4A-C602-4DFF-892C-0BB21D5891C7}
		{2B031704-6834-470E-BEEF-B9BF0AD84422} = {DCFB1F4A-C602-4DFF-892C-0BB21D5891C7}
		{BF7CCC42-7872-462C-99C2-674732BE928D} = {DCFB1F4A-C602-4DFF-892C-0BB21D5891C7}
		{782DCF2C-5E0D-476C-A350-5F190BE53D2F} = {DCFB1F4A-C602-4DFF-892C-0BB21D5891C7}
	EndGlobalSection
EndGlobal
